
Microsoft Visual Studio Solution File, Format Version 12.00
# Visual Studio Version 16
VisualStudioVersion = 16.0.32126.315
MinimumVisualStudioVersion = 10.0.40219.1
Project("{FAE04EC0-301F-11D3-BF4B-00C04F79EFBC}") = "Final project", "Final project\Final project.csproj", "{4C2B86F1-C020-4044-B14B-7DC8DDB72F97}"
EndProject
Global
	GlobalSection(SolutionConfigurationPlatforms) = preSolution
		Debug|Any CPU = Debug|Any CPU
		Release|Any CPU = Release|Any CPU
	EndGlobalSection
	GlobalSection(ProjectConfigurationPlatforms) = postSolution
		{4C2B86F1-C020-4044-B14B-7DC8DDB72F97}.Debug|Any CPU.ActiveCfg = Debug|Any CPU
		{4C2B86F1-C020-4044-B14B-7DC8DDB72F97}.Debug|Any CPU.Build.0 = Debug|Any CPU
		{4C2B86F1-C020-4044-B14B-7DC8DDB72F97}.Release|Any CPU.ActiveCfg = Release|Any CPU
		{4C2B86F1-C020-4044-B14B-7DC8DDB72F97}.Release|Any CPU.Build.0 = Release|Any CPU
	EndGlobalSection
	GlobalSection(SolutionProperties) = preSolution
		HideSolutionNode = FALSE
	EndGlobalSection
	GlobalSection(ExtensibilityGlobals) = postSolution
		SolutionGuid = {2AF35DCF-1BC1-4D3F-B5C0-CDEF1F732B46}
	EndGlobalSection
EndGlobal
